
Microsoft Visual Studio Solution File, Format Version 12.00
# Visual Studio Version 17
VisualStudioVersion = 17.7.34024.191
MinimumVisualStudioVersion = 10.0.40219.1
Project("{FAE04EC0-301F-11D3-BF4B-00C04F79EFBC}") = "Sortirovki_C#_Valirakhmanov", "Sortirovki_C#_Valirakhmanov.csproj", "{F29FFEDE-0333-4C42-9E9B-8E1E85BCCB65}"
EndProject
Global
	GlobalSection(SolutionConfigurationPlatforms) = preSolution
		Debug|Any CPU = Debug|Any CPU
		Release|Any CPU = Release|Any CPU
	EndGlobalSection
	GlobalSection(ProjectConfigurationPlatforms) = postSolution
		{F29FFEDE-0333-4C42-9E9B-8E1E85BCCB65}.Debug|Any CPU.ActiveCfg = Debug|Any CPU
		{F29FFEDE-0333-4C42-9E9B-8E1E85BCCB65}.Debug|Any CPU.Build.0 = Debug|Any CPU
		{F29FFEDE-0333-4C42-9E9B-8E1E85BCCB65}.Release|Any CPU.ActiveCfg = Release|Any CPU
		{F29FFEDE-0333-4C42-9E9B-8E1E85BCCB65}.Release|Any CPU.Build.0 = Release|Any CPU
	EndGlobalSection
	GlobalSection(SolutionProperties) = preSolution
		HideSolutionNode = FALSE
	EndGlobalSection
	GlobalSection(ExtensibilityGlobals) = postSolution
		SolutionGuid = {D7667127-E3C9-4CFB-9CD9-87EB3C7C7D7C}
	EndGlobalSection
EndGlobal
